
Microsoft Visual Studio Solution File, Format Version 12.00
Project("{FAE04EC0-301F-11D3-BF4B-00C04F79EFBC}") = "HepsiYemekApi.WebApi", "HepsiYemekApi.WebApi\HepsiYemekApi.WebApi.csproj", "{91EF37D3-8C28-49B5-8D81-3EA87B9BF858}"
EndProject
Project("{2150E333-8FDC-42A3-9474-1A3956D46DE8}") = "Data", "Data", "{D5FFFB63-ECC2-4D42-BDAD-E9A26B77D6C5}"
EndProject
Project("{FAE04EC0-301F-11D3-BF4B-00C04F79EFBC}") = "HepsiYemekApi.Entitiy", "HepsiYemekApi.Entitiy\HepsiYemekApi.Entitiy.csproj", "{EFEB0B38-EE66-4C4A-AB71-A06E09F86542}"
EndProject
Project("{2150E333-8FDC-42A3-9474-1A3956D46DE8}") = "Infrastructure", "Infrastructure", "{520E0414-1B10-4E31-8C03-060BC1B54559}"
EndProject
Project("{FAE04EC0-301F-11D3-BF4B-00C04F79EFBC}") = "HepsiYemekApi.Repository", "HepsiYemekApi.Repository\HepsiYemekApi.Repository.csproj", "{469D8464-13BD-4D5E-820F-9D1E9358051F}"
EndProject
Project("{FAE04EC0-301F-11D3-BF4B-00C04F79EFBC}") = "HepsiYemekApi.Data", "HepsiYemekApi.Data\HepsiYemekApi.Data.csproj", "{2650667D-05A1-4A06-8A55-F4CA129F9E76}"
EndProject
Project("{FAE04EC0-301F-11D3-BF4B-00C04F79EFBC}") = "HepsiYemekApi.Dto", "HepsiYemekApi.Dto\HepsiYemekApi.Dto.csproj", "{F9A06E3C-B02A-4CE1-9B4E-EDE309037C07}"
EndProject
Project("{FAE04EC0-301F-11D3-BF4B-00C04F79EFBC}") = "HepsiYemekApi.DataAccess", "HepsiYemekApi.DataAccess\HepsiYemekApi.DataAccess.csproj", "{B8F9BBB1-7C28-4C85-B9B2-7F15C9AE0096}"
EndProject
Project("{FAE04EC0-301F-11D3-BF4B-00C04F79EFBC}") = "HepsiYemekApi.IoC", "HepsiYemekApi.IoC\HepsiYemekApi.IoC.csproj", "{9EDAB5F3-03F0-4725-9979-DB8C75EA3497}"
EndProject
Project("{FAE04EC0-301F-11D3-BF4B-00C04F79EFBC}") = "HepsiYemekApi.Core", "HepsiYemekApi.Core\HepsiYemekApi.Core.csproj", "{8F19A910-54F2-464B-973F-929C13AD896B}"
EndProject
Project("{FAE04EC0-301F-11D3-BF4B-00C04F79EFBC}") = "HepsiYemekApi.Common", "HepsiYemekApi.Common\HepsiYemekApi.Common.csproj", "{89009410-C67A-4167-8B2C-F0FA518AD450}"
EndProject
Project("{2150E333-8FDC-42A3-9474-1A3956D46DE8}") = "Presentation", "Presentation", "{CE84F707-9A3C-47FD-B52C-857F40016E3F}"
EndProject
Project("{FAE04EC0-301F-11D3-BF4B-00C04F79EFBC}") = "HepsiYemekApi.Business", "HepsiYemekApi.Business\HepsiYemekApi.Business.csproj", "{1CFAF324-61BB-438F-A709-C46B1080DED8}"
EndProject
Project("{2150E333-8FDC-42A3-9474-1A3956D46DE8}") = "Test", "Test", "{F41483E5-91B6-4B0B-A424-5E08D3180CDE}"
EndProject
Project("{FAE04EC0-301F-11D3-BF4B-00C04F79EFBC}") = "HepsiYemekApi.Test", "HepsiYemekApi.Test\HepsiYemekApi.Test.csproj", "{EC975099-5C55-4E57-9132-FE286C948925}"
EndProject
Project("{2150E333-8FDC-42A3-9474-1A3956D46DE8}") = "Docker", "Docker", "{1B639208-CD22-4E1C-80E7-285B953CD40D}"
EndProject
Global
	GlobalSection(SolutionConfigurationPlatforms) = preSolution
		Debug|Any CPU = Debug|Any CPU
		Release|Any CPU = Release|Any CPU
	EndGlobalSection
	GlobalSection(ProjectConfigurationPlatforms) = postSolution
		{91EF37D3-8C28-49B5-8D81-3EA87B9BF858}.Debug|Any CPU.ActiveCfg = Debug|Any CPU
		{91EF37D3-8C28-49B5-8D81-3EA87B9BF858}.Debug|Any CPU.Build.0 = Debug|Any CPU
		{91EF37D3-8C28-49B5-8D81-3EA87B9BF858}.Release|Any CPU.ActiveCfg = Release|Any CPU
		{91EF37D3-8C28-49B5-8D81-3EA87B9BF858}.Release|Any CPU.Build.0 = Release|Any CPU
		{EFEB0B38-EE66-4C4A-AB71-A06E09F86542}.Debug|Any CPU.ActiveCfg = Debug|Any CPU
		{EFEB0B38-EE66-4C4A-AB71-A06E09F86542}.Debug|Any CPU.Build.0 = Debug|Any CPU
		{EFEB0B38-EE66-4C4A-AB71-A06E09F86542}.Release|Any CPU.ActiveCfg = Release|Any CPU
		{EFEB0B38-EE66-4C4A-AB71-A06E09F86542}.Release|Any CPU.Build.0 = Release|Any CPU
		{469D8464-13BD-4D5E-820F-9D1E9358051F}.Debug|Any CPU.ActiveCfg = Debug|Any CPU
		{469D8464-13BD-4D5E-820F-9D1E9358051F}.Debug|Any CPU.Build.0 = Debug|Any CPU
		{469D8464-13BD-4D5E-820F-9D1E9358051F}.Release|Any CPU.ActiveCfg = Release|Any CPU
		{469D8464-13BD-4D5E-820F-9D1E9358051F}.Release|Any CPU.Build.0 = Release|Any CPU
		{2650667D-05A1-4A06-8A55-F4CA129F9E76}.Debug|Any CPU.ActiveCfg = Debug|Any CPU
		{2650667D-05A1-4A06-8A55-F4CA129F9E76}.Debug|Any CPU.Build.0 = Debug|Any CPU
		{2650667D-05A1-4A06-8A55-F4CA129F9E76}.Release|Any CPU.ActiveCfg = Release|Any CPU
		{2650667D-05A1-4A06-8A55-F4CA129F9E76}.Release|Any CPU.Build.0 = Release|Any CPU
		{F9A06E3C-B02A-4CE1-9B4E-EDE309037C07}.Debug|Any CPU.ActiveCfg = Debug|Any CPU
		{F9A06E3C-B02A-4CE1-9B4E-EDE309037C07}.Debug|Any CPU.Build.0 = Debug|Any CPU
		{F9A06E3C-B02A-4CE1-9B4E-EDE309037C07}.Release|Any CPU.ActiveCfg = Release|Any CPU
		{F9A06E3C-B02A-4CE1-9B4E-EDE309037C07}.Release|Any CPU.Build.0 = Release|Any CPU
		{B8F9BBB1-7C28-4C85-B9B2-7F15C9AE0096}.Debug|Any CPU.ActiveCfg = Debug|Any CPU
		{B8F9BBB1-7C28-4C85-B9B2-7F15C9AE0096}.Debug|Any CPU.Build.0 = Debug|Any CPU
		{B8F9BBB1-7C28-4C85-B9B2-7F15C9AE0096}.Release|Any CPU.ActiveCfg = Release|Any CPU
		{B8F9BBB1-7C28-4C85-B9B2-7F15C9AE0096}.Release|Any CPU.Build.0 = Release|Any CPU
		{9EDAB5F3-03F0-4725-9979-DB8C75EA3497}.Debug|Any CPU.ActiveCfg = Debug|Any CPU
		{9EDAB5F3-03F0-4725-9979-DB8C75EA3497}.Debug|Any CPU.Build.0 = Debug|Any CPU
		{9EDAB5F3-03F0-4725-9979-DB8C75EA3497}.Release|Any CPU.ActiveCfg = Release|Any CPU
		{9EDAB5F3-03F0-4725-9979-DB8C75EA3497}.Release|Any CPU.Build.0 = Release|Any CPU
		{8F19A910-54F2-464B-973F-929C13AD896B}.Debug|Any CPU.ActiveCfg = Debug|Any CPU
		{8F19A910-54F2-464B-973F-929C13AD896B}.Debug|Any CPU.Build.0 = Debug|Any CPU
		{8F19A910-54F2-464B-973F-929C13AD896B}.Release|Any CPU.ActiveCfg = Release|Any CPU
		{8F19A910-54F2-464B-973F-929C13AD896B}.Release|Any CPU.Build.0 = Release|Any CPU
		{89009410-C67A-4167-8B2C-F0FA518AD450}.Debug|Any CPU.ActiveCfg = Debug|Any CPU
		{89009410-C67A-4167-8B2C-F0FA518AD450}.Debug|Any CPU.Build.0 = Debug|Any CPU
		{89009410-C67A-4167-8B2C-F0FA518AD450}.Release|Any CPU.ActiveCfg = Release|Any CPU
		{89009410-C67A-4167-8B2C-F0FA518AD450}.Release|Any CPU.Build.0 = Release|Any CPU
		{1CFAF324-61BB-438F-A709-C46B1080DED8}.Debug|Any CPU.ActiveCfg = Debug|Any CPU
		{1CFAF324-61BB-438F-A709-C46B1080DED8}.Debug|Any CPU.Build.0 = Debug|Any CPU
		{1CFAF324-61BB-438F-A709-C46B1080DED8}.Release|Any CPU.ActiveCfg = Release|Any CPU
		{1CFAF324-61BB-438F-A709-C46B1080DED8}.Release|Any CPU.Build.0 = Release|Any CPU
		{EC975099-5C55-4E57-9132-FE286C948925}.Debug|Any CPU.ActiveCfg = Debug|Any CPU
		{EC975099-5C55-4E57-9132-FE286C948925}.Debug|Any CPU.Build.0 = Debug|Any CPU
		{EC975099-5C55-4E57-9132-FE286C948925}.Release|Any CPU.ActiveCfg = Release|Any CPU
		{EC975099-5C55-4E57-9132-FE286C948925}.Release|Any CPU.Build.0 = Release|Any CPU
	EndGlobalSection
	GlobalSection(NestedProjects) = preSolution
		{EFEB0B38-EE66-4C4A-AB71-A06E09F86542} = {D5FFFB63-ECC2-4D42-BDAD-E9A26B77D6C5}
		{469D8464-13BD-4D5E-820F-9D1E9358051F} = {D5FFFB63-ECC2-4D42-BDAD-E9A26B77D6C5}
		{2650667D-05A1-4A06-8A55-F4CA129F9E76} = {D5FFFB63-ECC2-4D42-BDAD-E9A26B77D6C5}
		{F9A06E3C-B02A-4CE1-9B4E-EDE309037C07} = {520E0414-1B10-4E31-8C03-060BC1B54559}
		{B8F9BBB1-7C28-4C85-B9B2-7F15C9AE0096} = {520E0414-1B10-4E31-8C03-060BC1B54559}
		{9EDAB5F3-03F0-4725-9979-DB8C75EA3497} = {520E0414-1B10-4E31-8C03-060BC1B54559}
		{8F19A910-54F2-464B-973F-929C13AD896B} = {520E0414-1B10-4E31-8C03-060BC1B54559}
		{89009410-C67A-4167-8B2C-F0FA518AD450} = {520E0414-1B10-4E31-8C03-060BC1B54559}
		{91EF37D3-8C28-49B5-8D81-3EA87B9BF858} = {CE84F707-9A3C-47FD-B52C-857F40016E3F}
		{1CFAF324-61BB-438F-A709-C46B1080DED8} = {520E0414-1B10-4E31-8C03-060BC1B54559}
		{EC975099-5C55-4E57-9132-FE286C948925} = {F41483E5-91B6-4B0B-A424-5E08D3180CDE}
	EndGlobalSection
EndGlobal
